
Microsoft Visual Studio Solution File, Format Version 12.00
# Visual Studio Version 17
VisualStudioVersion = 17.10.35013.160
MinimumVisualStudioVersion = 10.0.40219.1
Project("{FAE04EC0-301F-11D3-BF4B-00C04F79EFBC}") = "BarcodeGeneratorReader", "BarcodeGeneratorReader\BarcodeGeneratorReader.csproj", "{23C60702-E6C7-478F-BF49-4E5029C59B44}"
EndProject
Global
	GlobalSection(SolutionConfigurationPlatforms) = preSolution
		Debug|Any CPU = Debug|Any CPU
		Release|Any CPU = Release|Any CPU
	EndGlobalSection
	GlobalSection(ProjectConfigurationPlatforms) = postSolution
		{23C60702-E6C7-478F-BF49-4E5029C59B44}.Debug|Any CPU.ActiveCfg = Debug|Any CPU
		{23C60702-E6C7-478F-BF49-4E5029C59B44}.Debug|Any CPU.Build.0 = Debug|Any CPU
		{23C60702-E6C7-478F-BF49-4E5029C59B44}.Release|Any CPU.ActiveCfg = Release|Any CPU
		{23C60702-E6C7-478F-BF49-4E5029C59B44}.Release|Any CPU.Build.0 = Release|Any CPU
	EndGlobalSection
	GlobalSection(SolutionProperties) = preSolution
		HideSolutionNode = FALSE
	EndGlobalSection
	GlobalSection(ExtensibilityGlobals) = postSolution
		SolutionGuid = {776ACDA5-B9E7-4D9F-95E6-1A1DD70CDC8F}
	EndGlobalSection
EndGlobal
